
Microsoft Visual Studio Solution File, Format Version 12.00
Project("{FAE04EC0-301F-11D3-BF4B-00C04F79EFBC}") = "VoHoangMinhTriet_2331200121_lab3", "VoHoangMinhTriet_2331200121_lab3.csproj", "{D03805C8-C82A-43E0-B76B-466EB6FFE63D}"
EndProject
Global
	GlobalSection(SolutionConfigurationPlatforms) = preSolution
		Debug|Any CPU = Debug|Any CPU
		Release|Any CPU = Release|Any CPU
	EndGlobalSection
	GlobalSection(ProjectConfigurationPlatforms) = postSolution
		{D03805C8-C82A-43E0-B76B-466EB6FFE63D}.Debug|Any CPU.ActiveCfg = Debug|Any CPU
		{D03805C8-C82A-43E0-B76B-466EB6FFE63D}.Debug|Any CPU.Build.0 = Debug|Any CPU
		{D03805C8-C82A-43E0-B76B-466EB6FFE63D}.Release|Any CPU.ActiveCfg = Release|Any CPU
		{D03805C8-C82A-43E0-B76B-466EB6FFE63D}.Release|Any CPU.Build.0 = Release|Any CPU
	EndGlobalSection
EndGlobal
