
Microsoft Visual Studio Solution File, Format Version 12.00
Project("{FAE04EC0-301F-11D3-BF4B-00C04F79EFBC}") = "VoHoangMinhTriet_2331200121_lab3", "VoHoangMinhTriet_2331200121_lab3\VoHoangMinhTriet_2331200121_lab3.csproj", "{42763742-A4FF-444D-8428-1423EE882D05}"
EndProject
Global
	GlobalSection(SolutionConfigurationPlatforms) = preSolution
		Debug|Any CPU = Debug|Any CPU
		Release|Any CPU = Release|Any CPU
	EndGlobalSection
	GlobalSection(ProjectConfigurationPlatforms) = postSolution
		{42763742-A4FF-444D-8428-1423EE882D05}.Debug|Any CPU.ActiveCfg = Debug|Any CPU
		{42763742-A4FF-444D-8428-1423EE882D05}.Debug|Any CPU.Build.0 = Debug|Any CPU
		{42763742-A4FF-444D-8428-1423EE882D05}.Release|Any CPU.ActiveCfg = Release|Any CPU
		{42763742-A4FF-444D-8428-1423EE882D05}.Release|Any CPU.Build.0 = Release|Any CPU
	EndGlobalSection
EndGlobal
